
Microsoft Visual Studio Solution File, Format Version 12.00
# Visual Studio Version 17
VisualStudioVersion = 17.0.31903.59
MinimumVisualStudioVersion = 10.0.40219.1
Project("{FAE04EC0-301F-11D3-BF4B-00C04F79EFBC}") = "JetBrains.ReSharper.Feature.Services.ExternalSources.CSharp.ILSpy.mm", "JetBrains.ReSharper.Feature.Services.ExternalSources.CSharp.ILSpy.mm\JetBrains.ReSharper.Feature.Services.ExternalSources.CSharp.ILSpy.mm.csproj", "{9F63A81B-0BAA-490A-B9BA-036AAD279A9B}"
EndProject
Global
	GlobalSection(SolutionConfigurationPlatforms) = preSolution
		Debug|Any CPU = Debug|Any CPU
		Release|Any CPU = Release|Any CPU
	EndGlobalSection
	GlobalSection(SolutionProperties) = preSolution
		HideSolutionNode = FALSE
	EndGlobalSection
	GlobalSection(ProjectConfigurationPlatforms) = postSolution
		{9F63A81B-0BAA-490A-B9BA-036AAD279A9B}.Debug|Any CPU.ActiveCfg = Debug|Any CPU
		{9F63A81B-0BAA-490A-B9BA-036AAD279A9B}.Debug|Any CPU.Build.0 = Debug|Any CPU
		{9F63A81B-0BAA-490A-B9BA-036AAD279A9B}.Release|Any CPU.ActiveCfg = Release|Any CPU
		{9F63A81B-0BAA-490A-B9BA-036AAD279A9B}.Release|Any CPU.Build.0 = Release|Any CPU
	EndGlobalSection
EndGlobal
