
Microsoft Visual Studio Solution File, Format Version 12.00
# Visual Studio Version 17
VisualStudioVersion = 17.0.31903.59
MinimumVisualStudioVersion = 10.0.40219.1
Project("{FAE04EC0-301F-11D3-BF4B-00C04F79EFBC}") = "ReSharperPlugin.Tomat.ReSharper.ILSpy", "Tomat.ReSharper.ILSpy\src\dotnet\ReSharperPlugin.Tomat.ReSharper.ILSpy\ReSharperPlugin.Tomat.ReSharper.ILSpy.csproj", "{8FE60359-8704-4BB4-849B-65092C521DC5}"
EndProject
Project("{FAE04EC0-301F-11D3-BF4B-00C04F79EFBC}") = "ReSharperPlugin.Tomat.ReSharper.ILSpy.Rider", "Tomat.ReSharper.ILSpy\src\dotnet\ReSharperPlugin.Tomat.ReSharper.ILSpy\ReSharperPlugin.Tomat.ReSharper.ILSpy.Rider.csproj", "{7DB8628D-5B0E-4D38-A0F8-B45DDAE434C8}"
EndProject
Project("{FAE04EC0-301F-11D3-BF4B-00C04F79EFBC}") = "ReSharperPlugin.Tomat.ReSharper.ILSpy.Tests", "Tomat.ReSharper.ILSpy\src\dotnet\ReSharperPlugin.Tomat.ReSharper.ILSpy.Tests\ReSharperPlugin.Tomat.ReSharper.ILSpy.Tests.csproj", "{38AA95B5-A75E-4AF8-8532-D61CBD4FC73D}"
EndProject
Global
	GlobalSection(SolutionConfigurationPlatforms) = preSolution
		Debug|Any CPU = Debug|Any CPU
		Release|Any CPU = Release|Any CPU
	EndGlobalSection
	GlobalSection(SolutionProperties) = preSolution
		HideSolutionNode = FALSE
	EndGlobalSection
	GlobalSection(ProjectConfigurationPlatforms) = postSolution
		{8FE60359-8704-4BB4-849B-65092C521DC5}.Debug|Any CPU.ActiveCfg = Debug|Any CPU
		{8FE60359-8704-4BB4-849B-65092C521DC5}.Debug|Any CPU.Build.0 = Debug|Any CPU
		{8FE60359-8704-4BB4-849B-65092C521DC5}.Release|Any CPU.ActiveCfg = Release|Any CPU
		{8FE60359-8704-4BB4-849B-65092C521DC5}.Release|Any CPU.Build.0 = Release|Any CPU
		{7DB8628D-5B0E-4D38-A0F8-B45DDAE434C8}.Debug|Any CPU.ActiveCfg = Debug|Any CPU
		{7DB8628D-5B0E-4D38-A0F8-B45DDAE434C8}.Debug|Any CPU.Build.0 = Debug|Any CPU
		{7DB8628D-5B0E-4D38-A0F8-B45DDAE434C8}.Release|Any CPU.ActiveCfg = Release|Any CPU
		{7DB8628D-5B0E-4D38-A0F8-B45DDAE434C8}.Release|Any CPU.Build.0 = Release|Any CPU
		{38AA95B5-A75E-4AF8-8532-D61CBD4FC73D}.Debug|Any CPU.ActiveCfg = Debug|Any CPU
		{38AA95B5-A75E-4AF8-8532-D61CBD4FC73D}.Debug|Any CPU.Build.0 = Debug|Any CPU
		{38AA95B5-A75E-4AF8-8532-D61CBD4FC73D}.Release|Any CPU.ActiveCfg = Release|Any CPU
		{38AA95B5-A75E-4AF8-8532-D61CBD4FC73D}.Release|Any CPU.Build.0 = Release|Any CPU
	EndGlobalSection
EndGlobal
